
Microsoft Visual Studio Solution File, Format Version 12.00
# Visual Studio Version 17
VisualStudioVersion = 17.10.35122.118
MinimumVisualStudioVersion = 10.0.40219.1
Project("{2150E333-8FDC-42A3-9474-1A3956D46DE8}") = "Solution items", "Solution items", "{02EA681E-C7D8-13C7-8484-4AC65E1B71E8}"
	ProjectSection(SolutionItems) = preProject
		.gitignore = .gitignore
		README.md = README.md
	EndProjectSection
EndProject
Project("{2150E333-8FDC-42A3-9474-1A3956D46DE8}") = "Tests", "Tests", "{5A0C5A4D-90FB-4654-B8A0-57E0A7A42ACF}"
EndProject
Project("{FAE04EC0-301F-11D3-BF4B-00C04F79EFBC}") = "CopilotDemo.Domain", "CopilotDemo.Domain\CopilotDemo.Domain.csproj", "{05543E4D-8120-46DD-8636-357FADE3182D}"
EndProject
Project("{FAE04EC0-301F-11D3-BF4B-00C04F79EFBC}") = "CopilotDemo.Application", "CopilotDemo.Application\CopilotDemo.Application.csproj", "{225E4771-BD0F-44F1-A6D0-7284C3E51CD9}"
EndProject
Project("{FAE04EC0-301F-11D3-BF4B-00C04F79EFBC}") = "CopilotDemo.Infrastructure", "CopilotDemo.Infrastructure\CopilotDemo.Infrastructure.csproj", "{A4AB9FEC-579B-4B14-9E6B-E5D6D3A10367}"
EndProject
Project("{FAE04EC0-301F-11D3-BF4B-00C04F79EFBC}") = "CopilotDemo.Api", "CopilotDemo.Api\CopilotDemo.Api.csproj", "{67A5E6E8-522D-49FE-9AB7-0A5F63393CC8}"
EndProject
Global
	GlobalSection(SolutionConfigurationPlatforms) = preSolution
		Debug|Any CPU = Debug|Any CPU
		Debug|x64 = Debug|x64
		Debug|x86 = Debug|x86
		Release|Any CPU = Release|Any CPU
		Release|x64 = Release|x64
		Release|x86 = Release|x86
	EndGlobalSection
	GlobalSection(ProjectConfigurationPlatforms) = postSolution
		{05543E4D-8120-46DD-8636-357FADE3182D}.Debug|Any CPU.ActiveCfg = Debug|Any CPU
		{05543E4D-8120-46DD-8636-357FADE3182D}.Debug|Any CPU.Build.0 = Debug|Any CPU
		{05543E4D-8120-46DD-8636-357FADE3182D}.Debug|x64.ActiveCfg = Debug|Any CPU
		{05543E4D-8120-46DD-8636-357FADE3182D}.Debug|x64.Build.0 = Debug|Any CPU
		{05543E4D-8120-46DD-8636-357FADE3182D}.Debug|x86.ActiveCfg = Debug|Any CPU
		{05543E4D-8120-46DD-8636-357FADE3182D}.Debug|x86.Build.0 = Debug|Any CPU
		{05543E4D-8120-46DD-8636-357FADE3182D}.Release|Any CPU.ActiveCfg = Release|Any CPU
		{05543E4D-8120-46DD-8636-357FADE3182D}.Release|Any CPU.Build.0 = Release|Any CPU
		{05543E4D-8120-46DD-8636-357FADE3182D}.Release|x64.ActiveCfg = Release|Any CPU
		{05543E4D-8120-46DD-8636-357FADE3182D}.Release|x64.Build.0 = Release|Any CPU
		{05543E4D-8120-46DD-8636-357FADE3182D}.Release|x86.ActiveCfg = Release|Any CPU
		{05543E4D-8120-46DD-8636-357FADE3182D}.Release|x86.Build.0 = Release|Any CPU
		{225E4771-BD0F-44F1-A6D0-7284C3E51CD9}.Debug|Any CPU.ActiveCfg = Debug|Any CPU
		{225E4771-BD0F-44F1-A6D0-7284C3E51CD9}.Debug|Any CPU.Build.0 = Debug|Any CPU
		{225E4771-BD0F-44F1-A6D0-7284C3E51CD9}.Debug|x64.ActiveCfg = Debug|Any CPU
		{225E4771-BD0F-44F1-A6D0-7284C3E51CD9}.Debug|x64.Build.0 = Debug|Any CPU
		{225E4771-BD0F-44F1-A6D0-7284C3E51CD9}.Debug|x86.ActiveCfg = Debug|Any CPU
		{225E4771-BD0F-44F1-A6D0-7284C3E51CD9}.Debug|x86.Build.0 = Debug|Any CPU
		{225E4771-BD0F-44F1-A6D0-7284C3E51CD9}.Release|Any CPU.ActiveCfg = Release|Any CPU
		{225E4771-BD0F-44F1-A6D0-7284C3E51CD9}.Release|Any CPU.Build.0 = Release|Any CPU
		{225E4771-BD0F-44F1-A6D0-7284C3E51CD9}.Release|x64.ActiveCfg = Release|Any CPU
		{225E4771-BD0F-44F1-A6D0-7284C3E51CD9}.Release|x64.Build.0 = Release|Any CPU
		{225E4771-BD0F-44F1-A6D0-7284C3E51CD9}.Release|x86.ActiveCfg = Release|Any CPU
		{225E4771-BD0F-44F1-A6D0-7284C3E51CD9}.Release|x86.Build.0 = Release|Any CPU
		{A4AB9FEC-579B-4B14-9E6B-E5D6D3A10367}.Debug|Any CPU.ActiveCfg = Debug|Any CPU
		{A4AB9FEC-579B-4B14-9E6B-E5D6D3A10367}.Debug|Any CPU.Build.0 = Debug|Any CPU
		{A4AB9FEC-579B-4B14-9E6B-E5D6D3A10367}.Debug|x64.ActiveCfg = Debug|Any CPU
		{A4AB9FEC-579B-4B14-9E6B-E5D6D3A10367}.Debug|x64.Build.0 = Debug|Any CPU
		{A4AB9FEC-579B-4B14-9E6B-E5D6D3A10367}.Debug|x86.ActiveCfg = Debug|Any CPU
		{A4AB9FEC-579B-4B14-9E6B-E5D6D3A10367}.Debug|x86.Build.0 = Debug|Any CPU
		{A4AB9FEC-579B-4B14-9E6B-E5D6D3A10367}.Release|Any CPU.ActiveCfg = Release|Any CPU
		{A4AB9FEC-579B-4B14-9E6B-E5D6D3A10367}.Release|Any CPU.Build.0 = Release|Any CPU
		{A4AB9FEC-579B-4B14-9E6B-E5D6D3A10367}.Release|x64.ActiveCfg = Release|Any CPU
		{A4AB9FEC-579B-4B14-9E6B-E5D6D3A10367}.Release|x64.Build.0 = Release|Any CPU
		{A4AB9FEC-579B-4B14-9E6B-E5D6D3A10367}.Release|x86.ActiveCfg = Release|Any CPU
		{A4AB9FEC-579B-4B14-9E6B-E5D6D3A10367}.Release|x86.Build.0 = Release|Any CPU
		{67A5E6E8-522D-49FE-9AB7-0A5F63393CC8}.Debug|Any CPU.ActiveCfg = Debug|Any CPU
		{67A5E6E8-522D-49FE-9AB7-0A5F63393CC8}.Debug|Any CPU.Build.0 = Debug|Any CPU
		{67A5E6E8-522D-49FE-9AB7-0A5F63393CC8}.Debug|x64.ActiveCfg = Debug|Any CPU
		{67A5E6E8-522D-49FE-9AB7-0A5F63393CC8}.Debug|x64.Build.0 = Debug|Any CPU
		{67A5E6E8-522D-49FE-9AB7-0A5F63393CC8}.Debug|x86.ActiveCfg = Debug|Any CPU
		{67A5E6E8-522D-49FE-9AB7-0A5F63393CC8}.Debug|x86.Build.0 = Debug|Any CPU
		{67A5E6E8-522D-49FE-9AB7-0A5F63393CC8}.Release|Any CPU.ActiveCfg = Release|Any CPU
		{67A5E6E8-522D-49FE-9AB7-0A5F63393CC8}.Release|Any CPU.Build.0 = Release|Any CPU
		{67A5E6E8-522D-49FE-9AB7-0A5F63393CC8}.Release|x64.ActiveCfg = Release|Any CPU
		{67A5E6E8-522D-49FE-9AB7-0A5F63393CC8}.Release|x64.Build.0 = Release|Any CPU
		{67A5E6E8-522D-49FE-9AB7-0A5F63393CC8}.Release|x86.ActiveCfg = Release|Any CPU
		{67A5E6E8-522D-49FE-9AB7-0A5F63393CC8}.Release|x86.Build.0 = Release|Any CPU
	EndGlobalSection
	GlobalSection(SolutionProperties) = preSolution
		HideSolutionNode = FALSE
	EndGlobalSection
	GlobalSection(ExtensibilityGlobals) = postSolution
		SolutionGuid = {063E3EA5-FF79-4C5C-942F-6D29F5420F9C}
	EndGlobalSection
EndGlobal
